
Microsoft Visual Studio Solution File, Format Version 12.00
# Visual Studio 15
VisualStudioVersion = 15.0.27130.2010
MinimumVisualStudioVersion = 10.0.40219.1
Project("{FAE04EC0-301F-11D3-BF4B-00C04F79EFBC}") = "KeyBall", "KeyBall\KeyBall.csproj", "{B19969C7-71CB-40B8-90D6-E6A982F2AB25}"
EndProject
Global
	GlobalSection(SolutionConfigurationPlatforms) = preSolution
		Debug|ARM = Debug|ARM
		Debug|x64 = Debug|x64
		Debug|x86 = Debug|x86
		Release|ARM = Release|ARM
		Release|x64 = Release|x64
		Release|x86 = Release|x86
	EndGlobalSection
	GlobalSection(ProjectConfigurationPlatforms) = postSolution
		{B19969C7-71CB-40B8-90D6-E6A982F2AB25}.Debug|ARM.ActiveCfg = Debug|ARM
		{B19969C7-71CB-40B8-90D6-E6A982F2AB25}.Debug|ARM.Build.0 = Debug|ARM
		{B19969C7-71CB-40B8-90D6-E6A982F2AB25}.Debug|ARM.Deploy.0 = Debug|ARM
		{B19969C7-71CB-40B8-90D6-E6A982F2AB25}.Debug|x64.ActiveCfg = Debug|x64
		{B19969C7-71CB-40B8-90D6-E6A982F2AB25}.Debug|x64.Build.0 = Debug|x64
		{B19969C7-71CB-40B8-90D6-E6A982F2AB25}.Debug|x64.Deploy.0 = Debug|x64
		{B19969C7-71CB-40B8-90D6-E6A982F2AB25}.Debug|x86.ActiveCfg = Debug|x86
		{B19969C7-71CB-40B8-90D6-E6A982F2AB25}.Debug|x86.Build.0 = Debug|x86
		{B19969C7-71CB-40B8-90D6-E6A982F2AB25}.Debug|x86.Deploy.0 = Debug|x86
		{B19969C7-71CB-40B8-90D6-E6A982F2AB25}.Release|ARM.ActiveCfg = Release|ARM
		{B19969C7-71CB-40B8-90D6-E6A982F2AB25}.Release|ARM.Build.0 = Release|ARM
		{B19969C7-71CB-40B8-90D6-E6A982F2AB25}.Release|ARM.Deploy.0 = Release|ARM
		{B19969C7-71CB-40B8-90D6-E6A982F2AB25}.Release|x64.ActiveCfg = Release|x64
		{B19969C7-71CB-40B8-90D6-E6A982F2AB25}.Release|x64.Build.0 = Release|x64
		{B19969C7-71CB-40B8-90D6-E6A982F2AB25}.Release|x64.Deploy.0 = Release|x64
		{B19969C7-71CB-40B8-90D6-E6A982F2AB25}.Release|x86.ActiveCfg = Release|x86
		{B19969C7-71CB-40B8-90D6-E6A982F2AB25}.Release|x86.Build.0 = Release|x86
		{B19969C7-71CB-40B8-90D6-E6A982F2AB25}.Release|x86.Deploy.0 = Release|x86
	EndGlobalSection
	GlobalSection(SolutionProperties) = preSolution
		HideSolutionNode = FALSE
	EndGlobalSection
	GlobalSection(ExtensibilityGlobals) = postSolution
		SolutionGuid = {303001FC-A2B9-4F81-9312-815B2F82609A}
	EndGlobalSection
EndGlobal
